
Microsoft Visual Studio Solution File, Format Version 12.00
# Visual Studio Express 2012 for Windows Desktop
Project("{FAE04EC0-301F-11D3-BF4B-00C04F79EFBC}") = "Project", "Project\Project.csproj", "{AE857ED9-A3C8-4E42-853A-32DF70705636}"
EndProject
Global
	GlobalSection(SolutionConfigurationPlatforms) = preSolution
		Debug|Any CPU = Debug|Any CPU
		Release|Any CPU = Release|Any CPU
	EndGlobalSection
	GlobalSection(ProjectConfigurationPlatforms) = postSolution
		{AE857ED9-A3C8-4E42-853A-32DF70705636}.Debug|Any CPU.ActiveCfg = Debug|Any CPU
		{AE857ED9-A3C8-4E42-853A-32DF70705636}.Debug|Any CPU.Build.0 = Debug|Any CPU
		{AE857ED9-A3C8-4E42-853A-32DF70705636}.Release|Any CPU.ActiveCfg = Release|Any CPU
		{AE857ED9-A3C8-4E42-853A-32DF70705636}.Release|Any CPU.Build.0 = Release|Any CPU
	EndGlobalSection
	GlobalSection(SolutionProperties) = preSolution
		HideSolutionNode = FALSE
	EndGlobalSection
EndGlobal
